
Microsoft Visual Studio Solution File, Format Version 12.00
# Visual Studio Version 17
VisualStudioVersion = 17.5.002.0
MinimumVisualStudioVersion = 10.0.40219.1
Project("{9A19103F-16F7-4668-BE54-9A1E7A4F7556}") = "Web2Gateway", "Web2Gateway\Web2Gateway.csproj", "{DECF587E-5841-468D-AC62-F418562C8E36}"
EndProject
Global
	GlobalSection(SolutionConfigurationPlatforms) = preSolution
		Debug|Any CPU = Debug|Any CPU
		Release|Any CPU = Release|Any CPU
	EndGlobalSection
	GlobalSection(ProjectConfigurationPlatforms) = postSolution
		{DECF587E-5841-468D-AC62-F418562C8E36}.Debug|Any CPU.ActiveCfg = Debug|Any CPU
		{DECF587E-5841-468D-AC62-F418562C8E36}.Debug|Any CPU.Build.0 = Debug|Any CPU
		{DECF587E-5841-468D-AC62-F418562C8E36}.Release|Any CPU.ActiveCfg = Release|Any CPU
		{DECF587E-5841-468D-AC62-F418562C8E36}.Release|Any CPU.Build.0 = Release|Any CPU
	EndGlobalSection
	GlobalSection(SolutionProperties) = preSolution
		HideSolutionNode = FALSE
	EndGlobalSection
	GlobalSection(ExtensibilityGlobals) = postSolution
		SolutionGuid = {B274398D-3BFC-465C-95C0-D55C1DD4A194}
	EndGlobalSection
EndGlobal
